
Microsoft Visual Studio Solution File, Format Version 12.00
# Visual Studio Version 16
VisualStudioVersion = 16.0.31911.196
MinimumVisualStudioVersion = 10.0.40219.1
Project("{8BC9CEB8-8B4A-11D0-8D11-00A0C91BC942}") = "Item03", "Item3\Item3.vcxproj", "{5581EED6-730B-42D1-9099-A61C8EDCAA8C}"
EndProject
Project("{8BC9CEB8-8B4A-11D0-8D11-00A0C91BC942}") = "Item02", "Item2\Item2.vcxproj", "{4A1522F8-1970-40BA-BFEE-3564F81AA0DF}"
EndProject
Project("{8BC9CEB8-8B4A-11D0-8D11-00A0C91BC942}") = "Item04", "Item4\Item4.vcxproj", "{6A3034FA-B0A2-460F-A760-97F6023A9D1A}"
EndProject
Project("{8BC9CEB8-8B4A-11D0-8D11-00A0C91BC942}") = "Item05", "Item5\Item5.vcxproj", "{10C2CE90-B1F8-411D-9B4C-52058381BBCC}"
EndProject
Project("{8BC9CEB8-8B4A-11D0-8D11-00A0C91BC942}") = "Item06", "Item6\Item6.vcxproj", "{C2465837-7A89-42C1-BAAA-DEC4C06055AF}"
EndProject
Project("{8BC9CEB8-8B4A-11D0-8D11-00A0C91BC942}") = "Item07", "Item7\Item7.vcxproj", "{9BE47E1C-5A23-4C36-BE6B-284DBADED0A0}"
EndProject
Project("{8BC9CEB8-8B4A-11D0-8D11-00A0C91BC942}") = "Item08", "Item8\Item8.vcxproj", "{B1F5F32B-22B8-4B77-8A10-B1DAFCECC426}"
EndProject
Project("{8BC9CEB8-8B4A-11D0-8D11-00A0C91BC942}") = "Item09", "Item9\Item9.vcxproj", "{5D14E186-4E82-4FF0-906C-0176459E3BCB}"
EndProject
Project("{8BC9CEB8-8B4A-11D0-8D11-00A0C91BC942}") = "Item10", "Item10\Item10.vcxproj", "{98B525E6-8D3F-4B44-80C4-3AB2727B3850}"
EndProject
Project("{8BC9CEB8-8B4A-11D0-8D11-00A0C91BC942}") = "Item11", "Item11\Item11.vcxproj", "{14C7C068-4C7E-443F-8054-E8D139FD0C4D}"
EndProject
Project("{8BC9CEB8-8B4A-11D0-8D11-00A0C91BC942}") = "Item12", "Item12\Item12.vcxproj", "{0FA00034-D085-44E5-A421-5D46944D8104}"
EndProject
Project("{8BC9CEB8-8B4A-11D0-8D11-00A0C91BC942}") = "Item13", "Item13\Item13.vcxproj", "{FFB54457-E8B2-44E3-BF13-2821192F7E86}"
EndProject
Project("{8BC9CEB8-8B4A-11D0-8D11-00A0C91BC942}") = "Item14", "Item14\Item14.vcxproj", "{3759FAFD-BCA3-4F7A-9566-40455516BDA7}"
EndProject
Project("{8BC9CEB8-8B4A-11D0-8D11-00A0C91BC942}") = "Item15", "Item15\Item15.vcxproj", "{D1DD2277-9FC4-49C7-8E76-75CA1BE133F2}"
EndProject
Project("{8BC9CEB8-8B4A-11D0-8D11-00A0C91BC942}") = "Item16", "Item16\Item16.vcxproj", "{EEB2F1B8-EBB3-46A3-B958-46724E26F403}"
EndProject
Project("{8BC9CEB8-8B4A-11D0-8D11-00A0C91BC942}") = "Item17", "Item17\Item17.vcxproj", "{A0DC8CB5-D2F2-40A9-B197-8D27DEDA08BB}"
EndProject
Project("{8BC9CEB8-8B4A-11D0-8D11-00A0C91BC942}") = "Item18", "Item18\Item18.vcxproj", "{DC23DB4A-46FF-4470-89D4-1B90A677FBD9}"
EndProject
Project("{8BC9CEB8-8B4A-11D0-8D11-00A0C91BC942}") = "Item19", "Item19\Item19.vcxproj", "{E5FE8FC3-7E7C-4C05-A840-2F48C80A3714}"
EndProject
Project("{8BC9CEB8-8B4A-11D0-8D11-00A0C91BC942}") = "Item20", "Item20\Item20.vcxproj", "{67B7536F-F3A4-444C-8AAF-04757C5A4888}"
EndProject
Project("{8BC9CEB8-8B4A-11D0-8D11-00A0C91BC942}") = "Item21", "Item21\Item21.vcxproj", "{64C0D8B0-F1C1-4872-8287-6CA218900212}"
EndProject
Project("{8BC9CEB8-8B4A-11D0-8D11-00A0C91BC942}") = "Item22", "Item22\Item22.vcxproj", "{F52FDFF2-7044-41FD-BFC8-50E939053EE6}"
EndProject
Project("{8BC9CEB8-8B4A-11D0-8D11-00A0C91BC942}") = "Item23", "Item23\Item23.vcxproj", "{AA91ED12-1560-427D-951E-63CABB0482C2}"
EndProject
Project("{8BC9CEB8-8B4A-11D0-8D11-00A0C91BC942}") = "Item24", "Item24\Item24.vcxproj", "{9F128EB1-63B4-4771-93C8-31F17547A426}"
EndProject
Project("{8BC9CEB8-8B4A-11D0-8D11-00A0C91BC942}") = "Item25", "Item25\Item25.vcxproj", "{E1E44FF6-5EB0-4A5D-A551-91F1AEC2359B}"
EndProject
Project("{8BC9CEB8-8B4A-11D0-8D11-00A0C91BC942}") = "Item26", "Item26\Item26.vcxproj", "{1DDCBB05-E4B5-4CAF-9550-EE32CFAFD661}"
EndProject
Project("{8BC9CEB8-8B4A-11D0-8D11-00A0C91BC942}") = "Item27", "Item27\Item27.vcxproj", "{B2BAA4DF-9872-416F-82D7-DD81A1A49C05}"
EndProject
Project("{8BC9CEB8-8B4A-11D0-8D11-00A0C91BC942}") = "Item28", "Item28\Item28.vcxproj", "{FE09446E-A24E-40AD-8AB0-40CFC76402A1}"
EndProject
Project("{8BC9CEB8-8B4A-11D0-8D11-00A0C91BC942}") = "Item29", "Item29\Item29.vcxproj", "{458D901F-0AD3-43F6-9BA8-A35E9A70AFBA}"
EndProject
Project("{8BC9CEB8-8B4A-11D0-8D11-00A0C91BC942}") = "Item30", "Item30\Item30.vcxproj", "{1E06C5E9-6234-46C9-BFCC-C162BA86128C}"
EndProject
Project("{8BC9CEB8-8B4A-11D0-8D11-00A0C91BC942}") = "Item31", "Item31\Item31.vcxproj", "{0EF0FA76-D277-4274-97E7-C991E3EA270F}"
EndProject
Project("{8BC9CEB8-8B4A-11D0-8D11-00A0C91BC942}") = "Item32", "Item32\Item32.vcxproj", "{3D1FD26C-3A5D-4DB9-A991-85DCB4582B66}"
EndProject
Project("{8BC9CEB8-8B4A-11D0-8D11-00A0C91BC942}") = "Item33", "Item33\Item33.vcxproj", "{224EDCA3-3C75-4604-90EE-036D0E58E431}"
EndProject
Project("{8BC9CEB8-8B4A-11D0-8D11-00A0C91BC942}") = "Item34", "Item34\Item34.vcxproj", "{0D18CAF3-256C-408E-A00A-DAB133D3F256}"
EndProject
Project("{8BC9CEB8-8B4A-11D0-8D11-00A0C91BC942}") = "Item35", "Item35\Item35.vcxproj", "{6C64EFA1-6402-4D31-BE5B-72516B1D10A8}"
EndProject
Project("{8BC9CEB8-8B4A-11D0-8D11-00A0C91BC942}") = "Item36", "Item36\Item36.vcxproj", "{2C1B25D2-CCCA-4691-A629-C27055CFA22E}"
EndProject
Project("{8BC9CEB8-8B4A-11D0-8D11-00A0C91BC942}") = "Item37", "Item37\Item37.vcxproj", "{F4706892-601F-49EF-BC9D-98A8C79DDA69}"
EndProject
Project("{8BC9CEB8-8B4A-11D0-8D11-00A0C91BC942}") = "Item38", "Item38\Item38.vcxproj", "{DBF8DCA9-4489-43D3-B152-19601FB1D941}"
EndProject
Project("{8BC9CEB8-8B4A-11D0-8D11-00A0C91BC942}") = "Item39", "Item39\Item39.vcxproj", "{17428E5C-ABBA-4ADA-B0DD-C859E2DFE7D5}"
EndProject
Project("{8BC9CEB8-8B4A-11D0-8D11-00A0C91BC942}") = "Item40", "Item40\Item40.vcxproj", "{D0DD8745-6514-462E-8F6A-87BE363C09FF}"
EndProject
Project("{8BC9CEB8-8B4A-11D0-8D11-00A0C91BC942}") = "Item41", "Item41\Item41.vcxproj", "{BD380BB0-4CCB-4554-8188-DAD29F8C9964}"
EndProject
Project("{8BC9CEB8-8B4A-11D0-8D11-00A0C91BC942}") = "Item42", "Item42\Item42.vcxproj", "{41363AE1-5E17-4B4F-B6CC-4D9437BD0A2C}"
EndProject
Project("{8BC9CEB8-8B4A-11D0-8D11-00A0C91BC942}") = "Item43", "Item43\Item43.vcxproj", "{E5BBB97B-3C0E-46DB-8B4C-C1A54227E914}"
EndProject
Project("{8BC9CEB8-8B4A-11D0-8D11-00A0C91BC942}") = "Item44", "Item44\Item44.vcxproj", "{53160AAF-4BE5-4FBC-B04B-A48501B38051}"
EndProject
Project("{8BC9CEB8-8B4A-11D0-8D11-00A0C91BC942}") = "Item45", "Item45\Item45.vcxproj", "{F182613D-2C6A-404A-8F55-DFD51FA25B16}"
EndProject
Project("{8BC9CEB8-8B4A-11D0-8D11-00A0C91BC942}") = "Item46", "Item46\Item46.vcxproj", "{874F9FDF-2E2E-4E04-ACC1-F6A430A96768}"
EndProject
Project("{8BC9CEB8-8B4A-11D0-8D11-00A0C91BC942}") = "Item47", "Item47\Item47.vcxproj", "{F9BD701A-658F-4E28-8E34-F3A7D747678C}"
EndProject
Project("{8BC9CEB8-8B4A-11D0-8D11-00A0C91BC942}") = "Item48", "Item48\Item48.vcxproj", "{4E86C107-91CD-4F76-889B-AFBEBD7912CA}"
EndProject
Project("{8BC9CEB8-8B4A-11D0-8D11-00A0C91BC942}") = "Item49", "Item49\Item49.vcxproj", "{B4E3124C-D58B-4175-9C0D-9CB9710B518A}"
EndProject
Project("{8BC9CEB8-8B4A-11D0-8D11-00A0C91BC942}") = "Item50", "Item50\Item50.vcxproj", "{E9A88738-4E8B-4AAB-8261-A0313F04AAF3}"
EndProject
Project("{8BC9CEB8-8B4A-11D0-8D11-00A0C91BC942}") = "Item51", "Item51\Item51.vcxproj", "{C4A9E71D-02B3-4D1B-8144-49BEB38855F4}"
EndProject
Project("{8BC9CEB8-8B4A-11D0-8D11-00A0C91BC942}") = "Item52", "Item52\Item52.vcxproj", "{026311D9-52BE-4224-BA00-2D81EBA56FAA}"
EndProject
Project("{8BC9CEB8-8B4A-11D0-8D11-00A0C91BC942}") = "Item53", "Item53\Item53.vcxproj", "{722884F7-9ED1-4E98-9F2B-A83C84D27956}"
EndProject
Project("{8BC9CEB8-8B4A-11D0-8D11-00A0C91BC942}") = "Item54", "Item54\Item54.vcxproj", "{0D5D22C5-6C86-4153-ADD2-F3AF92E30240}"
EndProject
Project("{8BC9CEB8-8B4A-11D0-8D11-00A0C91BC942}") = "Item55", "Item55\Item55.vcxproj", "{6AA5CEFE-A0D9-4325-804B-EBED366BCB64}"
EndProject
Project("{8BC9CEB8-8B4A-11D0-8D11-00A0C91BC942}") = "Item01", "Item01\Item01.vcxproj", "{4DACCA53-90AD-4D58-B72A-E0F8B4903412}"
EndProject
Global
	GlobalSection(SolutionConfigurationPlatforms) = preSolution
		Debug|x64 = Debug|x64
		Debug|x86 = Debug|x86
		Release|x64 = Release|x64
		Release|x86 = Release|x86
	EndGlobalSection
	GlobalSection(ProjectConfigurationPlatforms) = postSolution
		{5581EED6-730B-42D1-9099-A61C8EDCAA8C}.Debug|x64.ActiveCfg = Debug|x64
		{5581EED6-730B-42D1-9099-A61C8EDCAA8C}.Debug|x64.Build.0 = Debug|x64
		{5581EED6-730B-42D1-9099-A61C8EDCAA8C}.Debug|x86.ActiveCfg = Debug|Win32
		{5581EED6-730B-42D1-9099-A61C8EDCAA8C}.Debug|x86.Build.0 = Debug|Win32
		{5581EED6-730B-42D1-9099-A61C8EDCAA8C}.Release|x64.ActiveCfg = Release|x64
		{5581EED6-730B-42D1-9099-A61C8EDCAA8C}.Release|x64.Build.0 = Release|x64
		{5581EED6-730B-42D1-9099-A61C8EDCAA8C}.Release|x86.ActiveCfg = Release|Win32
		{5581EED6-730B-42D1-9099-A61C8EDCAA8C}.Release|x86.Build.0 = Release|Win32
		{4A1522F8-1970-40BA-BFEE-3564F81AA0DF}.Debug|x64.ActiveCfg = Debug|x64
		{4A1522F8-1970-40BA-BFEE-3564F81AA0DF}.Debug|x64.Build.0 = Debug|x64
		{4A1522F8-1970-40BA-BFEE-3564F81AA0DF}.Debug|x86.ActiveCfg = Debug|Win32
		{4A1522F8-1970-40BA-BFEE-3564F81AA0DF}.Debug|x86.Build.0 = Debug|Win32
		{4A1522F8-1970-40BA-BFEE-3564F81AA0DF}.Release|x64.ActiveCfg = Release|x64
		{4A1522F8-1970-40BA-BFEE-3564F81AA0DF}.Release|x64.Build.0 = Release|x64
		{4A1522F8-1970-40BA-BFEE-3564F81AA0DF}.Release|x86.ActiveCfg = Release|Win32
		{4A1522F8-1970-40BA-BFEE-3564F81AA0DF}.Release|x86.Build.0 = Release|Win32
		{6A3034FA-B0A2-460F-A760-97F6023A9D1A}.Debug|x64.ActiveCfg = Debug|x64
		{6A3034FA-B0A2-460F-A760-97F6023A9D1A}.Debug|x64.Build.0 = Debug|x64
		{6A3034FA-B0A2-460F-A760-97F6023A9D1A}.Debug|x86.ActiveCfg = Debug|Win32
		{6A3034FA-B0A2-460F-A760-97F6023A9D1A}.Debug|x86.Build.0 = Debug|Win32
		{6A3034FA-B0A2-460F-A760-97F6023A9D1A}.Release|x64.ActiveCfg = Release|x64
		{6A3034FA-B0A2-460F-A760-97F6023A9D1A}.Release|x64.Build.0 = Release|x64
		{6A3034FA-B0A2-460F-A760-97F6023A9D1A}.Release|x86.ActiveCfg = Release|Win32
		{6A3034FA-B0A2-460F-A760-97F6023A9D1A}.Release|x86.Build.0 = Release|Win32
		{10C2CE90-B1F8-411D-9B4C-52058381BBCC}.Debug|x64.ActiveCfg = Debug|x64
		{10C2CE90-B1F8-411D-9B4C-52058381BBCC}.Debug|x64.Build.0 = Debug|x64
		{10C2CE90-B1F8-411D-9B4C-52058381BBCC}.Debug|x86.ActiveCfg = Debug|Win32
		{10C2CE90-B1F8-411D-9B4C-52058381BBCC}.Debug|x86.Build.0 = Debug|Win32
		{10C2CE90-B1F8-411D-9B4C-52058381BBCC}.Release|x64.ActiveCfg = Release|x64
		{10C2CE90-B1F8-411D-9B4C-52058381BBCC}.Release|x64.Build.0 = Release|x64
		{10C2CE90-B1F8-411D-9B4C-52058381BBCC}.Release|x86.ActiveCfg = Release|Win32
		{10C2CE90-B1F8-411D-9B4C-52058381BBCC}.Release|x86.Build.0 = Release|Win32
		{C2465837-7A89-42C1-BAAA-DEC4C06055AF}.Debug|x64.ActiveCfg = Debug|x64
		{C2465837-7A89-42C1-BAAA-DEC4C06055AF}.Debug|x64.Build.0 = Debug|x64
		{C2465837-7A89-42C1-BAAA-DEC4C06055AF}.Debug|x86.ActiveCfg = Debug|Win32
		{C2465837-7A89-42C1-BAAA-DEC4C06055AF}.Debug|x86.Build.0 = Debug|Win32
		{C2465837-7A89-42C1-BAAA-DEC4C06055AF}.Release|x64.ActiveCfg = Release|x64
		{C2465837-7A89-42C1-BAAA-DEC4C06055AF}.Release|x64.Build.0 = Release|x64
		{C2465837-7A89-42C1-BAAA-DEC4C06055AF}.Release|x86.ActiveCfg = Release|Win32
		{C2465837-7A89-42C1-BAAA-DEC4C06055AF}.Release|x86.Build.0 = Release|Win32
		{9BE47E1C-5A23-4C36-BE6B-284DBADED0A0}.Debug|x64.ActiveCfg = Debug|x64
		{9BE47E1C-5A23-4C36-BE6B-284DBADED0A0}.Debug|x64.Build.0 = Debug|x64
		{9BE47E1C-5A23-4C36-BE6B-284DBADED0A0}.Debug|x86.ActiveCfg = Debug|Win32
		{9BE47E1C-5A23-4C36-BE6B-284DBADED0A0}.Debug|x86.Build.0 = Debug|Win32
		{9BE47E1C-5A23-4C36-BE6B-284DBADED0A0}.Release|x64.ActiveCfg = Release|x64
		{9BE47E1C-5A23-4C36-BE6B-284DBADED0A0}.Release|x64.Build.0 = Release|x64
		{9BE47E1C-5A23-4C36-BE6B-284DBADED0A0}.Release|x86.ActiveCfg = Release|Win32
		{9BE47E1C-5A23-4C36-BE6B-284DBADED0A0}.Release|x86.Build.0 = Release|Win32
		{B1F5F32B-22B8-4B77-8A10-B1DAFCECC426}.Debug|x64.ActiveCfg = Debug|x64
		{B1F5F32B-22B8-4B77-8A10-B1DAFCECC426}.Debug|x64.Build.0 = Debug|x64
		{B1F5F32B-22B8-4B77-8A10-B1DAFCECC426}.Debug|x86.ActiveCfg = Debug|Win32
		{B1F5F32B-22B8-4B77-8A10-B1DAFCECC426}.Debug|x86.Build.0 = Debug|Win32
		{B1F5F32B-22B8-4B77-8A10-B1DAFCECC426}.Release|x64.ActiveCfg = Release|x64
		{B1F5F32B-22B8-4B77-8A10-B1DAFCECC426}.Release|x64.Build.0 = Release|x64
		{B1F5F32B-22B8-4B77-8A10-B1DAFCECC426}.Release|x86.ActiveCfg = Release|Win32
		{B1F5F32B-22B8-4B77-8A10-B1DAFCECC426}.Release|x86.Build.0 = Release|Win32
		{5D14E186-4E82-4FF0-906C-0176459E3BCB}.Debug|x64.ActiveCfg = Debug|x64
		{5D14E186-4E82-4FF0-906C-0176459E3BCB}.Debug|x64.Build.0 = Debug|x64
		{5D14E186-4E82-4FF0-906C-0176459E3BCB}.Debug|x86.ActiveCfg = Debug|Win32
		{5D14E186-4E82-4FF0-906C-0176459E3BCB}.Debug|x86.Build.0 = Debug|Win32
		{5D14E186-4E82-4FF0-906C-0176459E3BCB}.Release|x64.ActiveCfg = Release|x64
		{5D14E186-4E82-4FF0-906C-0176459E3BCB}.Release|x64.Build.0 = Release|x64
		{5D14E186-4E82-4FF0-906C-0176459E3BCB}.Release|x86.ActiveCfg = Release|Win32
		{5D14E186-4E82-4FF0-906C-0176459E3BCB}.Release|x86.Build.0 = Release|Win32
		{98B525E6-8D3F-4B44-80C4-3AB2727B3850}.Debug|x64.ActiveCfg = Debug|x64
		{98B525E6-8D3F-4B44-80C4-3AB2727B3850}.Debug|x64.Build.0 = Debug|x64
		{98B525E6-8D3F-4B44-80C4-3AB2727B3850}.Debug|x86.ActiveCfg = Debug|Win32
		{98B525E6-8D3F-4B44-80C4-3AB2727B3850}.Debug|x86.Build.0 = Debug|Win32
		{98B525E6-8D3F-4B44-80C4-3AB2727B3850}.Release|x64.ActiveCfg = Release|x64
		{98B525E6-8D3F-4B44-80C4-3AB2727B3850}.Release|x64.Build.0 = Release|x64
		{98B525E6-8D3F-4B44-80C4-3AB2727B3850}.Release|x86.ActiveCfg = Release|Win32
		{98B525E6-8D3F-4B44-80C4-3AB2727B3850}.Release|x86.Build.0 = Release|Win32
		{14C7C068-4C7E-443F-8054-E8D139FD0C4D}.Debug|x64.ActiveCfg = Debug|x64
		{14C7C068-4C7E-443F-8054-E8D139FD0C4D}.Debug|x64.Build.0 = Debug|x64
		{14C7C068-4C7E-443F-8054-E8D139FD0C4D}.Debug|x86.ActiveCfg = Debug|Win32
		{14C7C068-4C7E-443F-8054-E8D139FD0C4D}.Debug|x86.Build.0 = Debug|Win32
		{14C7C068-4C7E-443F-8054-E8D139FD0C4D}.Release|x64.ActiveCfg = Release|x64
		{14C7C068-4C7E-443F-8054-E8D139FD0C4D}.Release|x64.Build.0 = Release|x64
		{14C7C068-4C7E-443F-8054-E8D139FD0C4D}.Release|x86.ActiveCfg = Release|Win32
		{14C7C068-4C7E-443F-8054-E8D139FD0C4D}.Release|x86.Build.0 = Release|Win32
		{0FA00034-D085-44E5-A421-5D46944D8104}.Debug|x64.ActiveCfg = Debug|x64
		{0FA00034-D085-44E5-A421-5D46944D8104}.Debug|x64.Build.0 = Debug|x64
		{0FA00034-D085-44E5-A421-5D46944D8104}.Debug|x86.ActiveCfg = Debug|Win32
		{0FA00034-D085-44E5-A421-5D46944D8104}.Debug|x86.Build.0 = Debug|Win32
		{0FA00034-D085-44E5-A421-5D46944D8104}.Release|x64.ActiveCfg = Release|x64
		{0FA00034-D085-44E5-A421-5D46944D8104}.Release|x64.Build.0 = Release|x64
		{0FA00034-D085-44E5-A421-5D46944D8104}.Release|x86.ActiveCfg = Release|Win32
		{0FA00034-D085-44E5-A421-5D46944D8104}.Release|x86.Build.0 = Release|Win32
		{FFB54457-E8B2-44E3-BF13-2821192F7E86}.Debug|x64.ActiveCfg = Debug|x64
		{FFB54457-E8B2-44E3-BF13-2821192F7E86}.Debug|x64.Build.0 = Debug|x64
		{FFB54457-E8B2-44E3-BF13-2821192F7E86}.Debug|x86.ActiveCfg = Debug|Win32
		{FFB54457-E8B2-44E3-BF13-2821192F7E86}.Debug|x86.Build.0 = Debug|Win32
		{FFB54457-E8B2-44E3-BF13-2821192F7E86}.Release|x64.ActiveCfg = Release|x64
		{FFB54457-E8B2-44E3-BF13-2821192F7E86}.Release|x64.Build.0 = Release|x64
		{FFB54457-E8B2-44E3-BF13-2821192F7E86}.Release|x86.ActiveCfg = Release|Win32
		{FFB54457-E8B2-44E3-BF13-2821192F7E86}.Release|x86.Build.0 = Release|Win32
		{3759FAFD-BCA3-4F7A-9566-40455516BDA7}.Debug|x64.ActiveCfg = Debug|x64
		{3759FAFD-BCA3-4F7A-9566-40455516BDA7}.Debug|x64.Build.0 = Debug|x64
		{3759FAFD-BCA3-4F7A-9566-40455516BDA7}.Debug|x86.ActiveCfg = Debug|Win32
		{3759FAFD-BCA3-4F7A-9566-40455516BDA7}.Debug|x86.Build.0 = Debug|Win32
		{3759FAFD-BCA3-4F7A-9566-40455516BDA7}.Release|x64.ActiveCfg = Release|x64
		{3759FAFD-BCA3-4F7A-9566-40455516BDA7}.Release|x64.Build.0 = Release|x64
		{3759FAFD-BCA3-4F7A-9566-40455516BDA7}.Release|x86.ActiveCfg = Release|Win32
		{3759FAFD-BCA3-4F7A-9566-40455516BDA7}.Release|x86.Build.0 = Release|Win32
		{D1DD2277-9FC4-49C7-8E76-75CA1BE133F2}.Debug|x64.ActiveCfg = Debug|x64
		{D1DD2277-9FC4-49C7-8E76-75CA1BE133F2}.Debug|x64.Build.0 = Debug|x64
		{D1DD2277-9FC4-49C7-8E76-75CA1BE133F2}.Debug|x86.ActiveCfg = Debug|Win32
		{D1DD2277-9FC4-49C7-8E76-75CA1BE133F2}.Debug|x86.Build.0 = Debug|Win32
		{D1DD2277-9FC4-49C7-8E76-75CA1BE133F2}.Release|x64.ActiveCfg = Release|x64
		{D1DD2277-9FC4-49C7-8E76-75CA1BE133F2}.Release|x64.Build.0 = Release|x64
		{D1DD2277-9FC4-49C7-8E76-75CA1BE133F2}.Release|x86.ActiveCfg = Release|Win32
		{D1DD2277-9FC4-49C7-8E76-75CA1BE133F2}.Release|x86.Build.0 = Release|Win32
		{EEB2F1B8-EBB3-46A3-B958-46724E26F403}.Debug|x64.ActiveCfg = Debug|x64
		{EEB2F1B8-EBB3-46A3-B958-46724E26F403}.Debug|x64.Build.0 = Debug|x64
		{EEB2F1B8-EBB3-46A3-B958-46724E26F403}.Debug|x86.ActiveCfg = Debug|Win32
		{EEB2F1B8-EBB3-46A3-B958-46724E26F403}.Debug|x86.Build.0 = Debug|Win32
		{EEB2F1B8-EBB3-46A3-B958-46724E26F403}.Release|x64.ActiveCfg = Release|x64
		{EEB2F1B8-EBB3-46A3-B958-46724E26F403}.Release|x64.Build.0 = Release|x64
		{EEB2F1B8-EBB3-46A3-B958-46724E26F403}.Release|x86.ActiveCfg = Release|Win32
		{EEB2F1B8-EBB3-46A3-B958-46724E26F403}.Release|x86.Build.0 = Release|Win32
		{A0DC8CB5-D2F2-40A9-B197-8D27DEDA08BB}.Debug|x64.ActiveCfg = Debug|x64
		{A0DC8CB5-D2F2-40A9-B197-8D27DEDA08BB}.Debug|x64.Build.0 = Debug|x64
		{A0DC8CB5-D2F2-40A9-B197-8D27DEDA08BB}.Debug|x86.ActiveCfg = Debug|Win32
		{A0DC8CB5-D2F2-40A9-B197-8D27DEDA08BB}.Debug|x86.Build.0 = Debug|Win32
		{A0DC8CB5-D2F2-40A9-B197-8D27DEDA08BB}.Release|x64.ActiveCfg = Release|x64
		{A0DC8CB5-D2F2-40A9-B197-8D27DEDA08BB}.Release|x64.Build.0 = Release|x64
		{A0DC8CB5-D2F2-40A9-B197-8D27DEDA08BB}.Release|x86.ActiveCfg = Release|Win32
		{A0DC8CB5-D2F2-40A9-B197-8D27DEDA08BB}.Release|x86.Build.0 = Release|Win32
		{DC23DB4A-46FF-4470-89D4-1B90A677FBD9}.Debug|x64.ActiveCfg = Debug|x64
		{DC23DB4A-46FF-4470-89D4-1B90A677FBD9}.Debug|x64.Build.0 = Debug|x64
		{DC23DB4A-46FF-4470-89D4-1B90A677FBD9}.Debug|x86.ActiveCfg = Debug|Win32
		{DC23DB4A-46FF-4470-89D4-1B90A677FBD9}.Debug|x86.Build.0 = Debug|Win32
		{DC23DB4A-46FF-4470-89D4-1B90A677FBD9}.Release|x64.ActiveCfg = Release|x64
		{DC23DB4A-46FF-4470-89D4-1B90A677FBD9}.Release|x64.Build.0 = Release|x64
		{DC23DB4A-46FF-4470-89D4-1B90A677FBD9}.Release|x86.ActiveCfg = Release|Win32
		{DC23DB4A-46FF-4470-89D4-1B90A677FBD9}.Release|x86.Build.0 = Release|Win32
		{E5FE8FC3-7E7C-4C05-A840-2F48C80A3714}.Debug|x64.ActiveCfg = Debug|x64
		{E5FE8FC3-7E7C-4C05-A840-2F48C80A3714}.Debug|x64.Build.0 = Debug|x64
		{E5FE8FC3-7E7C-4C05-A840-2F48C80A3714}.Debug|x86.ActiveCfg = Debug|Win32
		{E5FE8FC3-7E7C-4C05-A840-2F48C80A3714}.Debug|x86.Build.0 = Debug|Win32
		{E5FE8FC3-7E7C-4C05-A840-2F48C80A3714}.Release|x64.ActiveCfg = Release|x64
		{E5FE8FC3-7E7C-4C05-A840-2F48C80A3714}.Release|x64.Build.0 = Release|x64
		{E5FE8FC3-7E7C-4C05-A840-2F48C80A3714}.Release|x86.ActiveCfg = Release|Win32
		{E5FE8FC3-7E7C-4C05-A840-2F48C80A3714}.Release|x86.Build.0 = Release|Win32
		{67B7536F-F3A4-444C-8AAF-04757C5A4888}.Debug|x64.ActiveCfg = Debug|x64
		{67B7536F-F3A4-444C-8AAF-04757C5A4888}.Debug|x64.Build.0 = Debug|x64
		{67B7536F-F3A4-444C-8AAF-04757C5A4888}.Debug|x86.ActiveCfg = Debug|Win32
		{67B7536F-F3A4-444C-8AAF-04757C5A4888}.Debug|x86.Build.0 = Debug|Win32
		{67B7536F-F3A4-444C-8AAF-04757C5A4888}.Release|x64.ActiveCfg = Release|x64
		{67B7536F-F3A4-444C-8AAF-04757C5A4888}.Release|x64.Build.0 = Release|x64
		{67B7536F-F3A4-444C-8AAF-04757C5A4888}.Release|x86.ActiveCfg = Release|Win32
		{67B7536F-F3A4-444C-8AAF-04757C5A4888}.Release|x86.Build.0 = Release|Win32
		{64C0D8B0-F1C1-4872-8287-6CA218900212}.Debug|x64.ActiveCfg = Debug|x64
		{64C0D8B0-F1C1-4872-8287-6CA218900212}.Debug|x64.Build.0 = Debug|x64
		{64C0D8B0-F1C1-4872-8287-6CA218900212}.Debug|x86.ActiveCfg = Debug|Win32
		{64C0D8B0-F1C1-4872-8287-6CA218900212}.Debug|x86.Build.0 = Debug|Win32
		{64C0D8B0-F1C1-4872-8287-6CA218900212}.Release|x64.ActiveCfg = Release|x64
		{64C0D8B0-F1C1-4872-8287-6CA218900212}.Release|x64.Build.0 = Release|x64
		{64C0D8B0-F1C1-4872-8287-6CA218900212}.Release|x86.ActiveCfg = Release|Win32
		{64C0D8B0-F1C1-4872-8287-6CA218900212}.Release|x86.Build.0 = Release|Win32
		{F52FDFF2-7044-41FD-BFC8-50E939053EE6}.Debug|x64.ActiveCfg = Debug|x64
		{F52FDFF2-7044-41FD-BFC8-50E939053EE6}.Debug|x64.Build.0 = Debug|x64
		{F52FDFF2-7044-41FD-BFC8-50E939053EE6}.Debug|x86.ActiveCfg = Debug|Win32
		{F52FDFF2-7044-41FD-BFC8-50E939053EE6}.Debug|x86.Build.0 = Debug|Win32
		{F52FDFF2-7044-41FD-BFC8-50E939053EE6}.Release|x64.ActiveCfg = Release|x64
		{F52FDFF2-7044-41FD-BFC8-50E939053EE6}.Release|x64.Build.0 = Release|x64
		{F52FDFF2-7044-41FD-BFC8-50E939053EE6}.Release|x86.ActiveCfg = Release|Win32
		{F52FDFF2-7044-41FD-BFC8-50E939053EE6}.Release|x86.Build.0 = Release|Win32
		{AA91ED12-1560-427D-951E-63CABB0482C2}.Debug|x64.ActiveCfg = Debug|x64
		{AA91ED12-1560-427D-951E-63CABB0482C2}.Debug|x64.Build.0 = Debug|x64
		{AA91ED12-1560-427D-951E-63CABB0482C2}.Debug|x86.ActiveCfg = Debug|Win32
		{AA91ED12-1560-427D-951E-63CABB0482C2}.Debug|x86.Build.0 = Debug|Win32
		{AA91ED12-1560-427D-951E-63CABB0482C2}.Release|x64.ActiveCfg = Release|x64
		{AA91ED12-1560-427D-951E-63CABB0482C2}.Release|x64.Build.0 = Release|x64
		{AA91ED12-1560-427D-951E-63CABB0482C2}.Release|x86.ActiveCfg = Release|Win32
		{AA91ED12-1560-427D-951E-63CABB0482C2}.Release|x86.Build.0 = Release|Win32
		{9F128EB1-63B4-4771-93C8-31F17547A426}.Debug|x64.ActiveCfg = Debug|x64
		{9F128EB1-63B4-4771-93C8-31F17547A426}.Debug|x64.Build.0 = Debug|x64
		{9F128EB1-63B4-4771-93C8-31F17547A426}.Debug|x86.ActiveCfg = Debug|Win32
		{9F128EB1-63B4-4771-93C8-31F17547A426}.Debug|x86.Build.0 = Debug|Win32
		{9F128EB1-63B4-4771-93C8-31F17547A426}.Release|x64.ActiveCfg = Release|x64
		{9F128EB1-63B4-4771-93C8-31F17547A426}.Release|x64.Build.0 = Release|x64
		{9F128EB1-63B4-4771-93C8-31F17547A426}.Release|x86.ActiveCfg = Release|Win32
		{9F128EB1-63B4-4771-93C8-31F17547A426}.Release|x86.Build.0 = Release|Win32
		{E1E44FF6-5EB0-4A5D-A551-91F1AEC2359B}.Debug|x64.ActiveCfg = Debug|x64
		{E1E44FF6-5EB0-4A5D-A551-91F1AEC2359B}.Debug|x64.Build.0 = Debug|x64
		{E1E44FF6-5EB0-4A5D-A551-91F1AEC2359B}.Debug|x86.ActiveCfg = Debug|Win32
		{E1E44FF6-5EB0-4A5D-A551-91F1AEC2359B}.Debug|x86.Build.0 = Debug|Win32
		{E1E44FF6-5EB0-4A5D-A551-91F1AEC2359B}.Release|x64.ActiveCfg = Release|x64
		{E1E44FF6-5EB0-4A5D-A551-91F1AEC2359B}.Release|x64.Build.0 = Release|x64
		{E1E44FF6-5EB0-4A5D-A551-91F1AEC2359B}.Release|x86.ActiveCfg = Release|Win32
		{E1E44FF6-5EB0-4A5D-A551-91F1AEC2359B}.Release|x86.Build.0 = Release|Win32
		{1DDCBB05-E4B5-4CAF-9550-EE32CFAFD661}.Debug|x64.ActiveCfg = Debug|x64
		{1DDCBB05-E4B5-4CAF-9550-EE32CFAFD661}.Debug|x64.Build.0 = Debug|x64
		{1DDCBB05-E4B5-4CAF-9550-EE32CFAFD661}.Debug|x86.ActiveCfg = Debug|Win32
		{1DDCBB05-E4B5-4CAF-9550-EE32CFAFD661}.Debug|x86.Build.0 = Debug|Win32
		{1DDCBB05-E4B5-4CAF-9550-EE32CFAFD661}.Release|x64.ActiveCfg = Release|x64
		{1DDCBB05-E4B5-4CAF-9550-EE32CFAFD661}.Release|x64.Build.0 = Release|x64
		{1DDCBB05-E4B5-4CAF-9550-EE32CFAFD661}.Release|x86.ActiveCfg = Release|Win32
		{1DDCBB05-E4B5-4CAF-9550-EE32CFAFD661}.Release|x86.Build.0 = Release|Win32
		{B2BAA4DF-9872-416F-82D7-DD81A1A49C05}.Debug|x64.ActiveCfg = Debug|x64
		{B2BAA4DF-9872-416F-82D7-DD81A1A49C05}.Debug|x64.Build.0 = Debug|x64
		{B2BAA4DF-9872-416F-82D7-DD81A1A49C05}.Debug|x86.ActiveCfg = Debug|Win32
		{B2BAA4DF-9872-416F-82D7-DD81A1A49C05}.Debug|x86.Build.0 = Debug|Win32
		{B2BAA4DF-9872-416F-82D7-DD81A1A49C05}.Release|x64.ActiveCfg = Release|x64
		{B2BAA4DF-9872-416F-82D7-DD81A1A49C05}.Release|x64.Build.0 = Release|x64
		{B2BAA4DF-9872-416F-82D7-DD81A1A49C05}.Release|x86.ActiveCfg = Release|Win32
		{B2BAA4DF-9872-416F-82D7-DD81A1A49C05}.Release|x86.Build.0 = Release|Win32
		{FE09446E-A24E-40AD-8AB0-40CFC76402A1}.Debug|x64.ActiveCfg = Debug|x64
		{FE09446E-A24E-40AD-8AB0-40CFC76402A1}.Debug|x64.Build.0 = Debug|x64
		{FE09446E-A24E-40AD-8AB0-40CFC76402A1}.Debug|x86.ActiveCfg = Debug|Win32
		{FE09446E-A24E-40AD-8AB0-40CFC76402A1}.Debug|x86.Build.0 = Debug|Win32
		{FE09446E-A24E-40AD-8AB0-40CFC76402A1}.Release|x64.ActiveCfg = Release|x64
		{FE09446E-A24E-40AD-8AB0-40CFC76402A1}.Release|x64.Build.0 = Release|x64
		{FE09446E-A24E-40AD-8AB0-40CFC76402A1}.Release|x86.ActiveCfg = Release|Win32
		{FE09446E-A24E-40AD-8AB0-40CFC76402A1}.Release|x86.Build.0 = Release|Win32
		{458D901F-0AD3-43F6-9BA8-A35E9A70AFBA}.Debug|x64.ActiveCfg = Debug|x64
		{458D901F-0AD3-43F6-9BA8-A35E9A70AFBA}.Debug|x64.Build.0 = Debug|x64
		{458D901F-0AD3-43F6-9BA8-A35E9A70AFBA}.Debug|x86.ActiveCfg = Debug|Win32
		{458D901F-0AD3-43F6-9BA8-A35E9A70AFBA}.Debug|x86.Build.0 = Debug|Win32
		{458D901F-0AD3-43F6-9BA8-A35E9A70AFBA}.Release|x64.ActiveCfg = Release|x64
		{458D901F-0AD3-43F6-9BA8-A35E9A70AFBA}.Release|x64.Build.0 = Release|x64
		{458D901F-0AD3-43F6-9BA8-A35E9A70AFBA}.Release|x86.ActiveCfg = Release|Win32
		{458D901F-0AD3-43F6-9BA8-A35E9A70AFBA}.Release|x86.Build.0 = Release|Win32
		{1E06C5E9-6234-46C9-BFCC-C162BA86128C}.Debug|x64.ActiveCfg = Debug|x64
		{1E06C5E9-6234-46C9-BFCC-C162BA86128C}.Debug|x64.Build.0 = Debug|x64
		{1E06C5E9-6234-46C9-BFCC-C162BA86128C}.Debug|x86.ActiveCfg = Debug|Win32
		{1E06C5E9-6234-46C9-BFCC-C162BA86128C}.Debug|x86.Build.0 = Debug|Win32
		{1E06C5E9-6234-46C9-BFCC-C162BA86128C}.Release|x64.ActiveCfg = Release|x64
		{1E06C5E9-6234-46C9-BFCC-C162BA86128C}.Release|x64.Build.0 = Release|x64
		{1E06C5E9-6234-46C9-BFCC-C162BA86128C}.Release|x86.ActiveCfg = Release|Win32
		{1E06C5E9-6234-46C9-BFCC-C162BA86128C}.Release|x86.Build.0 = Release|Win32
		{0EF0FA76-D277-4274-97E7-C991E3EA270F}.Debug|x64.ActiveCfg = Debug|x64
		{0EF0FA76-D277-4274-97E7-C991E3EA270F}.Debug|x64.Build.0 = Debug|x64
		{0EF0FA76-D277-4274-97E7-C991E3EA270F}.Debug|x86.ActiveCfg = Debug|Win32
		{0EF0FA76-D277-4274-97E7-C991E3EA270F}.Debug|x86.Build.0 = Debug|Win32
		{0EF0FA76-D277-4274-97E7-C991E3EA270F}.Release|x64.ActiveCfg = Release|x64
		{0EF0FA76-D277-4274-97E7-C991E3EA270F}.Release|x64.Build.0 = Release|x64
		{0EF0FA76-D277-4274-97E7-C991E3EA270F}.Release|x86.ActiveCfg = Release|Win32
		{0EF0FA76-D277-4274-97E7-C991E3EA270F}.Release|x86.Build.0 = Release|Win32
		{3D1FD26C-3A5D-4DB9-A991-85DCB4582B66}.Debug|x64.ActiveCfg = Debug|x64
		{3D1FD26C-3A5D-4DB9-A991-85DCB4582B66}.Debug|x64.Build.0 = Debug|x64
		{3D1FD26C-3A5D-4DB9-A991-85DCB4582B66}.Debug|x86.ActiveCfg = Debug|Win32
		{3D1FD26C-3A5D-4DB9-A991-85DCB4582B66}.Debug|x86.Build.0 = Debug|Win32
		{3D1FD26C-3A5D-4DB9-A991-85DCB4582B66}.Release|x64.ActiveCfg = Release|x64
		{3D1FD26C-3A5D-4DB9-A991-85DCB4582B66}.Release|x64.Build.0 = Release|x64
		{3D1FD26C-3A5D-4DB9-A991-85DCB4582B66}.Release|x86.ActiveCfg = Release|Win32
		{3D1FD26C-3A5D-4DB9-A991-85DCB4582B66}.Release|x86.Build.0 = Release|Win32
		{224EDCA3-3C75-4604-90EE-036D0E58E431}.Debug|x64.ActiveCfg = Debug|x64
		{224EDCA3-3C75-4604-90EE-036D0E58E431}.Debug|x64.Build.0 = Debug|x64
		{224EDCA3-3C75-4604-90EE-036D0E58E431}.Debug|x86.ActiveCfg = Debug|Win32
		{224EDCA3-3C75-4604-90EE-036D0E58E431}.Debug|x86.Build.0 = Debug|Win32
		{224EDCA3-3C75-4604-90EE-036D0E58E431}.Release|x64.ActiveCfg = Release|x64
		{224EDCA3-3C75-4604-90EE-036D0E58E431}.Release|x64.Build.0 = Release|x64
		{224EDCA3-3C75-4604-90EE-036D0E58E431}.Release|x86.ActiveCfg = Release|Win32
		{224EDCA3-3C75-4604-90EE-036D0E58E431}.Release|x86.Build.0 = Release|Win32
		{0D18CAF3-256C-408E-A00A-DAB133D3F256}.Debug|x64.ActiveCfg = Debug|x64
		{0D18CAF3-256C-408E-A00A-DAB133D3F256}.Debug|x64.Build.0 = Debug|x64
		{0D18CAF3-256C-408E-A00A-DAB133D3F256}.Debug|x86.ActiveCfg = Debug|Win32
		{0D18CAF3-256C-408E-A00A-DAB133D3F256}.Debug|x86.Build.0 = Debug|Win32
		{0D18CAF3-256C-408E-A00A-DAB133D3F256}.Release|x64.ActiveCfg = Release|x64
		{0D18CAF3-256C-408E-A00A-DAB133D3F256}.Release|x64.Build.0 = Release|x64
		{0D18CAF3-256C-408E-A00A-DAB133D3F256}.Release|x86.ActiveCfg = Release|Win32
		{0D18CAF3-256C-408E-A00A-DAB133D3F256}.Release|x86.Build.0 = Release|Win32
		{6C64EFA1-6402-4D31-BE5B-72516B1D10A8}.Debug|x64.ActiveCfg = Debug|x64
		{6C64EFA1-6402-4D31-BE5B-72516B1D10A8}.Debug|x64.Build.0 = Debug|x64
		{6C64EFA1-6402-4D31-BE5B-72516B1D10A8}.Debug|x86.ActiveCfg = Debug|Win32
		{6C64EFA1-6402-4D31-BE5B-72516B1D10A8}.Debug|x86.Build.0 = Debug|Win32
		{6C64EFA1-6402-4D31-BE5B-72516B1D10A8}.Release|x64.ActiveCfg = Release|x64
		{6C64EFA1-6402-4D31-BE5B-72516B1D10A8}.Release|x64.Build.0 = Release|x64
		{6C64EFA1-6402-4D31-BE5B-72516B1D10A8}.Release|x86.ActiveCfg = Release|Win32
		{6C64EFA1-6402-4D31-BE5B-72516B1D10A8}.Release|x86.Build.0 = Release|Win32
		{2C1B25D2-CCCA-4691-A629-C27055CFA22E}.Debug|x64.ActiveCfg = Debug|x64
		{2C1B25D2-CCCA-4691-A629-C27055CFA22E}.Debug|x64.Build.0 = Debug|x64
		{2C1B25D2-CCCA-4691-A629-C27055CFA22E}.Debug|x86.ActiveCfg = Debug|Win32
		{2C1B25D2-CCCA-4691-A629-C27055CFA22E}.Debug|x86.Build.0 = Debug|Win32
		{2C1B25D2-CCCA-4691-A629-C27055CFA22E}.Release|x64.ActiveCfg = Release|x64
		{2C1B25D2-CCCA-4691-A629-C27055CFA22E}.Release|x64.Build.0 = Release|x64
		{2C1B25D2-CCCA-4691-A629-C27055CFA22E}.Release|x86.ActiveCfg = Release|Win32
		{2C1B25D2-CCCA-4691-A629-C27055CFA22E}.Release|x86.Build.0 = Release|Win32
		{F4706892-601F-49EF-BC9D-98A8C79DDA69}.Debug|x64.ActiveCfg = Debug|x64
		{F4706892-601F-49EF-BC9D-98A8C79DDA69}.Debug|x64.Build.0 = Debug|x64
		{F4706892-601F-49EF-BC9D-98A8C79DDA69}.Debug|x86.ActiveCfg = Debug|Win32
		{F4706892-601F-49EF-BC9D-98A8C79DDA69}.Debug|x86.Build.0 = Debug|Win32
		{F4706892-601F-49EF-BC9D-98A8C79DDA69}.Release|x64.ActiveCfg = Release|x64
		{F4706892-601F-49EF-BC9D-98A8C79DDA69}.Release|x64.Build.0 = Release|x64
		{F4706892-601F-49EF-BC9D-98A8C79DDA69}.Release|x86.ActiveCfg = Release|Win32
		{F4706892-601F-49EF-BC9D-98A8C79DDA69}.Release|x86.Build.0 = Release|Win32
		{DBF8DCA9-4489-43D3-B152-19601FB1D941}.Debug|x64.ActiveCfg = Debug|x64
		{DBF8DCA9-4489-43D3-B152-19601FB1D941}.Debug|x64.Build.0 = Debug|x64
		{DBF8DCA9-4489-43D3-B152-19601FB1D941}.Debug|x86.ActiveCfg = Debug|Win32
		{DBF8DCA9-4489-43D3-B152-19601FB1D941}.Debug|x86.Build.0 = Debug|Win32
		{DBF8DCA9-4489-43D3-B152-19601FB1D941}.Release|x64.ActiveCfg = Release|x64
		{DBF8DCA9-4489-43D3-B152-19601FB1D941}.Release|x64.Build.0 = Release|x64
		{DBF8DCA9-4489-43D3-B152-19601FB1D941}.Release|x86.ActiveCfg = Release|Win32
		{DBF8DCA9-4489-43D3-B152-19601FB1D941}.Release|x86.Build.0 = Release|Win32
		{17428E5C-ABBA-4ADA-B0DD-C859E2DFE7D5}.Debug|x64.ActiveCfg = Debug|x64
		{17428E5C-ABBA-4ADA-B0DD-C859E2DFE7D5}.Debug|x64.Build.0 = Debug|x64
		{17428E5C-ABBA-4ADA-B0DD-C859E2DFE7D5}.Debug|x86.ActiveCfg = Debug|Win32
		{17428E5C-ABBA-4ADA-B0DD-C859E2DFE7D5}.Debug|x86.Build.0 = Debug|Win32
		{17428E5C-ABBA-4ADA-B0DD-C859E2DFE7D5}.Release|x64.ActiveCfg = Release|x64
		{17428E5C-ABBA-4ADA-B0DD-C859E2DFE7D5}.Release|x64.Build.0 = Release|x64
		{17428E5C-ABBA-4ADA-B0DD-C859E2DFE7D5}.Release|x86.ActiveCfg = Release|Win32
		{17428E5C-ABBA-4ADA-B0DD-C859E2DFE7D5}.Release|x86.Build.0 = Release|Win32
		{D0DD8745-6514-462E-8F6A-87BE363C09FF}.Debug|x64.ActiveCfg = Debug|x64
		{D0DD8745-6514-462E-8F6A-87BE363C09FF}.Debug|x64.Build.0 = Debug|x64
		{D0DD8745-6514-462E-8F6A-87BE363C09FF}.Debug|x86.ActiveCfg = Debug|Win32
		{D0DD8745-6514-462E-8F6A-87BE363C09FF}.Debug|x86.Build.0 = Debug|Win32
		{D0DD8745-6514-462E-8F6A-87BE363C09FF}.Release|x64.ActiveCfg = Release|x64
		{D0DD8745-6514-462E-8F6A-87BE363C09FF}.Release|x64.Build.0 = Release|x64
		{D0DD8745-6514-462E-8F6A-87BE363C09FF}.Release|x86.ActiveCfg = Release|Win32
		{D0DD8745-6514-462E-8F6A-87BE363C09FF}.Release|x86.Build.0 = Release|Win32
		{BD380BB0-4CCB-4554-8188-DAD29F8C9964}.Debug|x64.ActiveCfg = Debug|x64
		{BD380BB0-4CCB-4554-8188-DAD29F8C9964}.Debug|x64.Build.0 = Debug|x64
		{BD380BB0-4CCB-4554-8188-DAD29F8C9964}.Debug|x86.ActiveCfg = Debug|Win32
		{BD380BB0-4CCB-4554-8188-DAD29F8C9964}.Debug|x86.Build.0 = Debug|Win32
		{BD380BB0-4CCB-4554-8188-DAD29F8C9964}.Release|x64.ActiveCfg = Release|x64
		{BD380BB0-4CCB-4554-8188-DAD29F8C9964}.Release|x64.Build.0 = Release|x64
		{BD380BB0-4CCB-4554-8188-DAD29F8C9964}.Release|x86.ActiveCfg = Release|Win32
		{BD380BB0-4CCB-4554-8188-DAD29F8C9964}.Release|x86.Build.0 = Release|Win32
		{41363AE1-5E17-4B4F-B6CC-4D9437BD0A2C}.Debug|x64.ActiveCfg = Debug|x64
		{41363AE1-5E17-4B4F-B6CC-4D9437BD0A2C}.Debug|x64.Build.0 = Debug|x64
		{41363AE1-5E17-4B4F-B6CC-4D9437BD0A2C}.Debug|x86.ActiveCfg = Debug|Win32
		{41363AE1-5E17-4B4F-B6CC-4D9437BD0A2C}.Debug|x86.Build.0 = Debug|Win32
		{41363AE1-5E17-4B4F-B6CC-4D9437BD0A2C}.Release|x64.ActiveCfg = Release|x64
		{41363AE1-5E17-4B4F-B6CC-4D9437BD0A2C}.Release|x64.Build.0 = Release|x64
		{41363AE1-5E17-4B4F-B6CC-4D9437BD0A2C}.Release|x86.ActiveCfg = Release|Win32
		{41363AE1-5E17-4B4F-B6CC-4D9437BD0A2C}.Release|x86.Build.0 = Release|Win32
		{E5BBB97B-3C0E-46DB-8B4C-C1A54227E914}.Debug|x64.ActiveCfg = Debug|x64
		{E5BBB97B-3C0E-46DB-8B4C-C1A54227E914}.Debug|x64.Build.0 = Debug|x64
		{E5BBB97B-3C0E-46DB-8B4C-C1A54227E914}.Debug|x86.ActiveCfg = Debug|Win32
		{E5BBB97B-3C0E-46DB-8B4C-C1A54227E914}.Debug|x86.Build.0 = Debug|Win32
		{E5BBB97B-3C0E-46DB-8B4C-C1A54227E914}.Release|x64.ActiveCfg = Release|x64
		{E5BBB97B-3C0E-46DB-8B4C-C1A54227E914}.Release|x64.Build.0 = Release|x64
		{E5BBB97B-3C0E-46DB-8B4C-C1A54227E914}.Release|x86.ActiveCfg = Release|Win32
		{E5BBB97B-3C0E-46DB-8B4C-C1A54227E914}.Release|x86.Build.0 = Release|Win32
		{53160AAF-4BE5-4FBC-B04B-A48501B38051}.Debug|x64.ActiveCfg = Debug|x64
		{53160AAF-4BE5-4FBC-B04B-A48501B38051}.Debug|x64.Build.0 = Debug|x64
		{53160AAF-4BE5-4FBC-B04B-A48501B38051}.Debug|x86.ActiveCfg = Debug|Win32
		{53160AAF-4BE5-4FBC-B04B-A48501B38051}.Debug|x86.Build.0 = Debug|Win32
		{53160AAF-4BE5-4FBC-B04B-A48501B38051}.Release|x64.ActiveCfg = Release|x64
		{53160AAF-4BE5-4FBC-B04B-A48501B38051}.Release|x64.Build.0 = Release|x64
		{53160AAF-4BE5-4FBC-B04B-A48501B38051}.Release|x86.ActiveCfg = Release|Win32
		{53160AAF-4BE5-4FBC-B04B-A48501B38051}.Release|x86.Build.0 = Release|Win32
		{F182613D-2C6A-404A-8F55-DFD51FA25B16}.Debug|x64.ActiveCfg = Debug|x64
		{F182613D-2C6A-404A-8F55-DFD51FA25B16}.Debug|x64.Build.0 = Debug|x64
		{F182613D-2C6A-404A-8F55-DFD51FA25B16}.Debug|x86.ActiveCfg = Debug|Win32
		{F182613D-2C6A-404A-8F55-DFD51FA25B16}.Debug|x86.Build.0 = Debug|Win32
		{F182613D-2C6A-404A-8F55-DFD51FA25B16}.Release|x64.ActiveCfg = Release|x64
		{F182613D-2C6A-404A-8F55-DFD51FA25B16}.Release|x64.Build.0 = Release|x64
		{F182613D-2C6A-404A-8F55-DFD51FA25B16}.Release|x86.ActiveCfg = Release|Win32
		{F182613D-2C6A-404A-8F55-DFD51FA25B16}.Release|x86.Build.0 = Release|Win32
		{874F9FDF-2E2E-4E04-ACC1-F6A430A96768}.Debug|x64.ActiveCfg = Debug|x64
		{874F9FDF-2E2E-4E04-ACC1-F6A430A96768}.Debug|x64.Build.0 = Debug|x64
		{874F9FDF-2E2E-4E04-ACC1-F6A430A96768}.Debug|x86.ActiveCfg = Debug|Win32
		{874F9FDF-2E2E-4E04-ACC1-F6A430A96768}.Debug|x86.Build.0 = Debug|Win32
		{874F9FDF-2E2E-4E04-ACC1-F6A430A96768}.Release|x64.ActiveCfg = Release|x64
		{874F9FDF-2E2E-4E04-ACC1-F6A430A96768}.Release|x64.Build.0 = Release|x64
		{874F9FDF-2E2E-4E04-ACC1-F6A430A96768}.Release|x86.ActiveCfg = Release|Win32
		{874F9FDF-2E2E-4E04-ACC1-F6A430A96768}.Release|x86.Build.0 = Release|Win32
		{F9BD701A-658F-4E28-8E34-F3A7D747678C}.Debug|x64.ActiveCfg = Debug|x64
		{F9BD701A-658F-4E28-8E34-F3A7D747678C}.Debug|x64.Build.0 = Debug|x64
		{F9BD701A-658F-4E28-8E34-F3A7D747678C}.Debug|x86.ActiveCfg = Debug|Win32
		{F9BD701A-658F-4E28-8E34-F3A7D747678C}.Debug|x86.Build.0 = Debug|Win32
		{F9BD701A-658F-4E28-8E34-F3A7D747678C}.Release|x64.ActiveCfg = Release|x64
		{F9BD701A-658F-4E28-8E34-F3A7D747678C}.Release|x64.Build.0 = Release|x64
		{F9BD701A-658F-4E28-8E34-F3A7D747678C}.Release|x86.ActiveCfg = Release|Win32
		{F9BD701A-658F-4E28-8E34-F3A7D747678C}.Release|x86.Build.0 = Release|Win32
		{4E86C107-91CD-4F76-889B-AFBEBD7912CA}.Debug|x64.ActiveCfg = Debug|x64
		{4E86C107-91CD-4F76-889B-AFBEBD7912CA}.Debug|x64.Build.0 = Debug|x64
		{4E86C107-91CD-4F76-889B-AFBEBD7912CA}.Debug|x86.ActiveCfg = Debug|Win32
		{4E86C107-91CD-4F76-889B-AFBEBD7912CA}.Debug|x86.Build.0 = Debug|Win32
		{4E86C107-91CD-4F76-889B-AFBEBD7912CA}.Release|x64.ActiveCfg = Release|x64
		{4E86C107-91CD-4F76-889B-AFBEBD7912CA}.Release|x64.Build.0 = Release|x64
		{4E86C107-91CD-4F76-889B-AFBEBD7912CA}.Release|x86.ActiveCfg = Release|Win32
		{4E86C107-91CD-4F76-889B-AFBEBD7912CA}.Release|x86.Build.0 = Release|Win32
		{B4E3124C-D58B-4175-9C0D-9CB9710B518A}.Debug|x64.ActiveCfg = Debug|x64
		{B4E3124C-D58B-4175-9C0D-9CB9710B518A}.Debug|x64.Build.0 = Debug|x64
		{B4E3124C-D58B-4175-9C0D-9CB9710B518A}.Debug|x86.ActiveCfg = Debug|Win32
		{B4E3124C-D58B-4175-9C0D-9CB9710B518A}.Debug|x86.Build.0 = Debug|Win32
		{B4E3124C-D58B-4175-9C0D-9CB9710B518A}.Release|x64.ActiveCfg = Release|x64
		{B4E3124C-D58B-4175-9C0D-9CB9710B518A}.Release|x64.Build.0 = Release|x64
		{B4E3124C-D58B-4175-9C0D-9CB9710B518A}.Release|x86.ActiveCfg = Release|Win32
		{B4E3124C-D58B-4175-9C0D-9CB9710B518A}.Release|x86.Build.0 = Release|Win32
		{E9A88738-4E8B-4AAB-8261-A0313F04AAF3}.Debug|x64.ActiveCfg = Debug|x64
		{E9A88738-4E8B-4AAB-8261-A0313F04AAF3}.Debug|x64.Build.0 = Debug|x64
		{E9A88738-4E8B-4AAB-8261-A0313F04AAF3}.Debug|x86.ActiveCfg = Debug|Win32
		{E9A88738-4E8B-4AAB-8261-A0313F04AAF3}.Debug|x86.Build.0 = Debug|Win32
		{E9A88738-4E8B-4AAB-8261-A0313F04AAF3}.Release|x64.ActiveCfg = Release|x64
		{E9A88738-4E8B-4AAB-8261-A0313F04AAF3}.Release|x64.Build.0 = Release|x64
		{E9A88738-4E8B-4AAB-8261-A0313F04AAF3}.Release|x86.ActiveCfg = Release|Win32
		{E9A88738-4E8B-4AAB-8261-A0313F04AAF3}.Release|x86.Build.0 = Release|Win32
		{C4A9E71D-02B3-4D1B-8144-49BEB38855F4}.Debug|x64.ActiveCfg = Debug|x64
		{C4A9E71D-02B3-4D1B-8144-49BEB38855F4}.Debug|x64.Build.0 = Debug|x64
		{C4A9E71D-02B3-4D1B-8144-49BEB38855F4}.Debug|x86.ActiveCfg = Debug|Win32
		{C4A9E71D-02B3-4D1B-8144-49BEB38855F4}.Debug|x86.Build.0 = Debug|Win32
		{C4A9E71D-02B3-4D1B-8144-49BEB38855F4}.Release|x64.ActiveCfg = Release|x64
		{C4A9E71D-02B3-4D1B-8144-49BEB38855F4}.Release|x64.Build.0 = Release|x64
		{C4A9E71D-02B3-4D1B-8144-49BEB38855F4}.Release|x86.ActiveCfg = Release|Win32
		{C4A9E71D-02B3-4D1B-8144-49BEB38855F4}.Release|x86.Build.0 = Release|Win32
		{026311D9-52BE-4224-BA00-2D81EBA56FAA}.Debug|x64.ActiveCfg = Debug|x64
		{026311D9-52BE-4224-BA00-2D81EBA56FAA}.Debug|x64.Build.0 = Debug|x64
		{026311D9-52BE-4224-BA00-2D81EBA56FAA}.Debug|x86.ActiveCfg = Debug|Win32
		{026311D9-52BE-4224-BA00-2D81EBA56FAA}.Debug|x86.Build.0 = Debug|Win32
		{026311D9-52BE-4224-BA00-2D81EBA56FAA}.Release|x64.ActiveCfg = Release|x64
		{026311D9-52BE-4224-BA00-2D81EBA56FAA}.Release|x64.Build.0 = Release|x64
		{026311D9-52BE-4224-BA00-2D81EBA56FAA}.Release|x86.ActiveCfg = Release|Win32
		{026311D9-52BE-4224-BA00-2D81EBA56FAA}.Release|x86.Build.0 = Release|Win32
		{722884F7-9ED1-4E98-9F2B-A83C84D27956}.Debug|x64.ActiveCfg = Debug|x64
		{722884F7-9ED1-4E98-9F2B-A83C84D27956}.Debug|x64.Build.0 = Debug|x64
		{722884F7-9ED1-4E98-9F2B-A83C84D27956}.Debug|x86.ActiveCfg = Debug|Win32
		{722884F7-9ED1-4E98-9F2B-A83C84D27956}.Debug|x86.Build.0 = Debug|Win32
		{722884F7-9ED1-4E98-9F2B-A83C84D27956}.Release|x64.ActiveCfg = Release|x64
		{722884F7-9ED1-4E98-9F2B-A83C84D27956}.Release|x64.Build.0 = Release|x64
		{722884F7-9ED1-4E98-9F2B-A83C84D27956}.Release|x86.ActiveCfg = Release|Win32
		{722884F7-9ED1-4E98-9F2B-A83C84D27956}.Release|x86.Build.0 = Release|Win32
		{0D5D22C5-6C86-4153-ADD2-F3AF92E30240}.Debug|x64.ActiveCfg = Debug|x64
		{0D5D22C5-6C86-4153-ADD2-F3AF92E30240}.Debug|x64.Build.0 = Debug|x64
		{0D5D22C5-6C86-4153-ADD2-F3AF92E30240}.Debug|x86.ActiveCfg = Debug|Win32
		{0D5D22C5-6C86-4153-ADD2-F3AF92E30240}.Debug|x86.Build.0 = Debug|Win32
		{0D5D22C5-6C86-4153-ADD2-F3AF92E30240}.Release|x64.ActiveCfg = Release|x64
		{0D5D22C5-6C86-4153-ADD2-F3AF92E30240}.Release|x64.Build.0 = Release|x64
		{0D5D22C5-6C86-4153-ADD2-F3AF92E30240}.Release|x86.ActiveCfg = Release|Win32
		{0D5D22C5-6C86-4153-ADD2-F3AF92E30240}.Release|x86.Build.0 = Release|Win32
		{6AA5CEFE-A0D9-4325-804B-EBED366BCB64}.Debug|x64.ActiveCfg = Debug|x64
		{6AA5CEFE-A0D9-4325-804B-EBED366BCB64}.Debug|x64.Build.0 = Debug|x64
		{6AA5CEFE-A0D9-4325-804B-EBED366BCB64}.Debug|x86.ActiveCfg = Debug|Win32
		{6AA5CEFE-A0D9-4325-804B-EBED366BCB64}.Debug|x86.Build.0 = Debug|Win32
		{6AA5CEFE-A0D9-4325-804B-EBED366BCB64}.Release|x64.ActiveCfg = Release|x64
		{6AA5CEFE-A0D9-4325-804B-EBED366BCB64}.Release|x64.Build.0 = Release|x64
		{6AA5CEFE-A0D9-4325-804B-EBED366BCB64}.Release|x86.ActiveCfg = Release|Win32
		{6AA5CEFE-A0D9-4325-804B-EBED366BCB64}.Release|x86.Build.0 = Release|Win32
		{4DACCA53-90AD-4D58-B72A-E0F8B4903412}.Debug|x64.ActiveCfg = Debug|x64
		{4DACCA53-90AD-4D58-B72A-E0F8B4903412}.Debug|x64.Build.0 = Debug|x64
		{4DACCA53-90AD-4D58-B72A-E0F8B4903412}.Debug|x86.ActiveCfg = Debug|Win32
		{4DACCA53-90AD-4D58-B72A-E0F8B4903412}.Debug|x86.Build.0 = Debug|Win32
		{4DACCA53-90AD-4D58-B72A-E0F8B4903412}.Release|x64.ActiveCfg = Release|x64
		{4DACCA53-90AD-4D58-B72A-E0F8B4903412}.Release|x64.Build.0 = Release|x64
		{4DACCA53-90AD-4D58-B72A-E0F8B4903412}.Release|x86.ActiveCfg = Release|Win32
		{4DACCA53-90AD-4D58-B72A-E0F8B4903412}.Release|x86.Build.0 = Release|Win32
	EndGlobalSection
	GlobalSection(SolutionProperties) = preSolution
		HideSolutionNode = FALSE
	EndGlobalSection
	GlobalSection(ExtensibilityGlobals) = postSolution
		SolutionGuid = {03D39B00-2E9C-4CA3-AE42-19FBF56C26DA}
	EndGlobalSection
EndGlobal
